{
  "requires": true,
  "lockfileVersion": 1,
  "dependencies": {
    "material-icons": {
      "version": "0.2.3",
      "resolved": "https://registry.npmjs.org/material-icons/-/material-icons-0.2.3.tgz",
      "integrity": "sha512-1Q5wp4aeGWjE5POMtdLmqJn94QM7vmUCeJhNO5m0oDrtW1jfWlaLK73vF3C7/fuMD7NIVicyK8TSkwd+diFgaQ=="
    }
  }
}
